
Microsoft Visual Studio Solution File, Format Version 12.00
# Visual Studio Version 17
VisualStudioVersion = 17.0.31903.59
MinimumVisualStudioVersion = 10.0.40219.1
Project("{2150E333-8FDC-42A3-9474-1A3956D46DE8}") = "src", "src", "{C6A54F76-0E96-4BCF-814C-9C0A3897C0F6}"
EndProject
Project("{2150E333-8FDC-42A3-9474-1A3956D46DE8}") = "Core", "Core", "{70E3469A-E517-47B7-BD2D-0B314894F9B2}"
EndProject
Project("{FAE04EC0-301F-11D3-BF4B-00C04F79EFBC}") = "ChatApp.Domain", "src\Core\ChatApp.Domain\ChatApp.Domain.csproj", "{EA0454C1-A226-4216-A3A8-8667C01DE67D}"
EndProject
Project("{FAE04EC0-301F-11D3-BF4B-00C04F79EFBC}") = "ChatApp.Application", "src\Core\ChatApp.Application\ChatApp.Application.csproj", "{96318CE2-50C4-4ACB-B3F9-AFB024BA64A7}"
EndProject
Project("{2150E333-8FDC-42A3-9474-1A3956D46DE8}") = "Infrastructure", "Infrastructure", "{78025DD7-948D-4518-9425-C60A98A6C467}"
EndProject
Project("{FAE04EC0-301F-11D3-BF4B-00C04F79EFBC}") = "ChatApp.Infrastructure", "src\Infrastructure\ChatApp.Infrastructure\ChatApp.Infrastructure.csproj", "{9C38D52A-F76F-4C20-955F-11689EEFBB02}"
EndProject
Project("{FAE04EC0-301F-11D3-BF4B-00C04F79EFBC}") = "ChatApp.Persistence", "src\Infrastructure\ChatApp.Persistence\ChatApp.Persistence.csproj", "{9BA7A12E-3ACC-49B6-84F4-EB1A34CE4212}"
EndProject
Project("{2150E333-8FDC-42A3-9474-1A3956D46DE8}") = "API", "API", "{78AD893D-D101-4104-AB5C-2E80762E0D62}"
EndProject
Project("{FAE04EC0-301F-11D3-BF4B-00C04F79EFBC}") = "ChatApp.API", "src\API\ChatApp.API\ChatApp.API.csproj", "{1D63BF4E-EF80-4B8D-A29C-CD140CB28939}"
EndProject
Project("{2150E333-8FDC-42A3-9474-1A3956D46DE8}") = "tests", "tests", "{0DE4EDD0-641E-45EB-BB85-CEFD04178CBF}"
EndProject
Project("{FAE04EC0-301F-11D3-BF4B-00C04F79EFBC}") = "ChatApp.UnitTests", "tests\ChatApp.UnitTests\ChatApp.UnitTests.csproj", "{2F192944-73F0-4271-B8DF-69217BFC5626}"
EndProject
Project("{FAE04EC0-301F-11D3-BF4B-00C04F79EFBC}") = "ChatApp.IntegrationTests", "tests\ChatApp.IntegrationTests\ChatApp.IntegrationTests.csproj", "{49959FBE-0ECF-45CE-859D-D3D9D327C75B}"
EndProject
Global
	GlobalSection(SolutionConfigurationPlatforms) = preSolution
		Debug|Any CPU = Debug|Any CPU
		Release|Any CPU = Release|Any CPU
	EndGlobalSection
	GlobalSection(SolutionProperties) = preSolution
		HideSolutionNode = FALSE
	EndGlobalSection
	GlobalSection(ProjectConfigurationPlatforms) = postSolution
		{EA0454C1-A226-4216-A3A8-8667C01DE67D}.Debug|Any CPU.ActiveCfg = Debug|Any CPU
		{EA0454C1-A226-4216-A3A8-8667C01DE67D}.Debug|Any CPU.Build.0 = Debug|Any CPU
		{EA0454C1-A226-4216-A3A8-8667C01DE67D}.Release|Any CPU.ActiveCfg = Release|Any CPU
		{EA0454C1-A226-4216-A3A8-8667C01DE67D}.Release|Any CPU.Build.0 = Release|Any CPU
		{96318CE2-50C4-4ACB-B3F9-AFB024BA64A7}.Debug|Any CPU.ActiveCfg = Debug|Any CPU
		{96318CE2-50C4-4ACB-B3F9-AFB024BA64A7}.Debug|Any CPU.Build.0 = Debug|Any CPU
		{96318CE2-50C4-4ACB-B3F9-AFB024BA64A7}.Release|Any CPU.ActiveCfg = Release|Any CPU
		{96318CE2-50C4-4ACB-B3F9-AFB024BA64A7}.Release|Any CPU.Build.0 = Release|Any CPU
		{9C38D52A-F76F-4C20-955F-11689EEFBB02}.Debug|Any CPU.ActiveCfg = Debug|Any CPU
		{9C38D52A-F76F-4C20-955F-11689EEFBB02}.Debug|Any CPU.Build.0 = Debug|Any CPU
		{9C38D52A-F76F-4C20-955F-11689EEFBB02}.Release|Any CPU.ActiveCfg = Release|Any CPU
		{9C38D52A-F76F-4C20-955F-11689EEFBB02}.Release|Any CPU.Build.0 = Release|Any CPU
		{9BA7A12E-3ACC-49B6-84F4-EB1A34CE4212}.Debug|Any CPU.ActiveCfg = Debug|Any CPU
		{9BA7A12E-3ACC-49B6-84F4-EB1A34CE4212}.Debug|Any CPU.Build.0 = Debug|Any CPU
		{9BA7A12E-3ACC-49B6-84F4-EB1A34CE4212}.Release|Any CPU.ActiveCfg = Release|Any CPU
		{9BA7A12E-3ACC-49B6-84F4-EB1A34CE4212}.Release|Any CPU.Build.0 = Release|Any CPU
		{1D63BF4E-EF80-4B8D-A29C-CD140CB28939}.Debug|Any CPU.ActiveCfg = Debug|Any CPU
		{1D63BF4E-EF80-4B8D-A29C-CD140CB28939}.Debug|Any CPU.Build.0 = Debug|Any CPU
		{1D63BF4E-EF80-4B8D-A29C-CD140CB28939}.Release|Any CPU.ActiveCfg = Release|Any CPU
		{1D63BF4E-EF80-4B8D-A29C-CD140CB28939}.Release|Any CPU.Build.0 = Release|Any CPU
		{2F192944-73F0-4271-B8DF-69217BFC5626}.Debug|Any CPU.ActiveCfg = Debug|Any CPU
		{2F192944-73F0-4271-B8DF-69217BFC5626}.Debug|Any CPU.Build.0 = Debug|Any CPU
		{2F192944-73F0-4271-B8DF-69217BFC5626}.Release|Any CPU.ActiveCfg = Release|Any CPU
		{2F192944-73F0-4271-B8DF-69217BFC5626}.Release|Any CPU.Build.0 = Release|Any CPU
		{49959FBE-0ECF-45CE-859D-D3D9D327C75B}.Debug|Any CPU.ActiveCfg = Debug|Any CPU
		{49959FBE-0ECF-45CE-859D-D3D9D327C75B}.Debug|Any CPU.Build.0 = Debug|Any CPU
		{49959FBE-0ECF-45CE-859D-D3D9D327C75B}.Release|Any CPU.ActiveCfg = Release|Any CPU
		{49959FBE-0ECF-45CE-859D-D3D9D327C75B}.Release|Any CPU.Build.0 = Release|Any CPU
	EndGlobalSection
	GlobalSection(NestedProjects) = preSolution
		{70E3469A-E517-47B7-BD2D-0B314894F9B2} = {C6A54F76-0E96-4BCF-814C-9C0A3897C0F6}
		{EA0454C1-A226-4216-A3A8-8667C01DE67D} = {70E3469A-E517-47B7-BD2D-0B314894F9B2}
		{96318CE2-50C4-4ACB-B3F9-AFB024BA64A7} = {70E3469A-E517-47B7-BD2D-0B314894F9B2}
		{78025DD7-948D-4518-9425-C60A98A6C467} = {C6A54F76-0E96-4BCF-814C-9C0A3897C0F6}
		{9C38D52A-F76F-4C20-955F-11689EEFBB02} = {78025DD7-948D-4518-9425-C60A98A6C467}
		{9BA7A12E-3ACC-49B6-84F4-EB1A34CE4212} = {78025DD7-948D-4518-9425-C60A98A6C467}
		{78AD893D-D101-4104-AB5C-2E80762E0D62} = {C6A54F76-0E96-4BCF-814C-9C0A3897C0F6}
		{1D63BF4E-EF80-4B8D-A29C-CD140CB28939} = {78AD893D-D101-4104-AB5C-2E80762E0D62}
		{2F192944-73F0-4271-B8DF-69217BFC5626} = {0DE4EDD0-641E-45EB-BB85-CEFD04178CBF}
		{49959FBE-0ECF-45CE-859D-D3D9D327C75B} = {0DE4EDD0-641E-45EB-BB85-CEFD04178CBF}
	EndGlobalSection
EndGlobal
